// !$*UTF8*$!
{
	archiveVersion = 1;
	classes = {
	};
	objectVersion = 46;
	objects = {

/* Begin PBXBuildFile section */
		4E1C44EE13F02FDA00641EC8 /* UIKit.framework in Frameworks */ = {isa = PBXBuildFile; fileRef = 4E1C44ED13F02FDA00641EC8 /* UIKit.framework */; };
		4E1C44F013F02FDA00641EC8 /* Foundation.framework in Frameworks */ = {isa = PBXBuildFile; fileRef = 4E1C44EF13F02FDA00641EC8 /* Foundation.framework */; };
		4E1C44F613F02FDA00641EC8 /* InfoPlist.strings in Resources */ = {isa = PBXBuildFile; fileRef = 4E1C44F413F02FDA00641EC8 /* InfoPlist.strings */; };
		4E1C44F813F02FDA00641EC8 /* main.m in Sources */ = {isa = PBXBuildFile; fileRef = 4E1C44F713F02FDA00641EC8 /* main.m */; };
		4E1C44FC13F02FDA00641EC8 /* AppDelegate.m in Sources */ = {isa = PBXBuildFile; fileRef = 4E1C44FB13F02FDA00641EC8 /* AppDelegate.m */; };
		4E1C44FF13F02FDA00641EC8 /* MainStoryboard.storyboard in Resources */ = {isa = PBXBuildFile; fileRef = 4E1C44FD13F02FDA00641EC8 /* MainStoryboard.storyboard */; };
		4E1C450213F02FDA00641EC8 /* MasterViewController.m in Sources */ = {isa = PBXBuildFile; fileRef = 4E1C450113F02FDA00641EC8 /* MasterViewController.m */; };
		4E1C450513F02FDA00641EC8 /* DetailViewController.m in Sources */ = {isa = PBXBuildFile; fileRef = 4E1C450413F02FDA00641EC8 /* DetailViewController.m */; };
/* End PBXBuildFile section */

/* Begin PBXFileReference section */
		4E1C44E913F02FDA00641EC8 /* Lesson13.app */ = {isa = PBXFileReference; explicitFileType = wrapper.application; includeInIndex = 0; path = Lesson13.app; sourceTree = BUILT_PRODUCTS_DIR; };
		4E1C44ED13F02FDA00641EC8 /* UIKit.framework */ = {isa = PBXFileReference; lastKnownFileType = wrapper.framework; name = UIKit.framework; path = System/Library/Frameworks/UIKit.framework; sourceTree = SDKROOT; };
		4E1C44EF13F02FDA00641EC8 /* Foundation.framework */ = {isa = PBXFileReference; lastKnownFileType = wrapper.framework; name = Foundation.framework; path = System/Library/Frameworks/Foundation.framework; sourceTree = SDKROOT; };
		4E1C44F313F02FDA00641EC8 /* Lesson13-Info.plist */ = {isa = PBXFileReference; lastKnownFileType = text.plist.xml; path = "Lesson13-Info.plist"; sourceTree = "<group>"; };
		4E1C44F513F02FDA00641EC8 /* en */ = {isa = PBXFileReference; lastKnownFileType = text.plist.strings; name = en; path = en.lproj/InfoPlist.strings; sourceTree = "<group>"; };
		4E1C44F713F02FDA00641EC8 /* main.m */ = {isa = PBXFileReference; lastKnownFileType = sourcecode.c.objc; path = main.m; sourceTree = "<group>"; };
		4E1C44F913F02FDA00641EC8 /* Lesson13-Prefix.pch */ = {isa = PBXFileReference; lastKnownFileType = sourcecode.c.h; path = "Lesson13-Prefix.pch"; sourceTree = "<group>"; };
		4E1C44FA13F02FDA00641EC8 /* AppDelegate.h */ = {isa = PBXFileReference; lastKnownFileType = sourcecode.c.h; path = AppDelegate.h; sourceTree = "<group>"; };
		4E1C44FB13F02FDA00641EC8 /* AppDelegate.m */ = {isa = PBXFileReference; lastKnownFileType = sourcecode.c.objc; path = AppDelegate.m; sourceTree = "<group>"; };
		4E1C44FE13F02FDA00641EC8 /* en */ = {isa = PBXFileReference; lastKnownFileType = file.storyboard; name = en; path = en.lproj/MainStoryboard.storyboard; sourceTree = "<group>"; };
		4E1C450013F02FDA00641EC8 /* MasterViewController.h */ = {isa = PBXFileReference; lastKnownFileType = sourcecode.c.h; path = MasterViewController.h; sourceTree = "<group>"; };
		4E1C450113F02FDA00641EC8 /* MasterViewController.m */ = {isa = PBXFileReference; lastKnownFileType = sourcecode.c.objc; path = MasterViewController.m; sourceTree = "<group>"; };
		4E1C450313F02FDA00641EC8 /* DetailViewController.h */ = {isa = PBXFileReference; lastKnownFileType = sourcecode.c.h; path = DetailViewController.h; sourceTree = "<group>"; };
		4E1C450413F02FDA00641EC8 /* DetailViewController.m */ = {isa = PBXFileReference; lastKnownFileType = sourcecode.c.objc; path = DetailViewController.m; sourceTree = "<group>"; };
/* End PBXFileReference section */

/* Begin PBXFrameworksBuildPhase section */
		4E1C44E613F02FDA00641EC8 /* Frameworks */ = {
			isa = PBXFrameworksBuildPhase;
			buildActionMask = 2147483647;
			files = (
				4E1C44EE13F02FDA00641EC8 /* UIKit.framework in Frameworks */,
				4E1C44F013F02FDA00641EC8 /* Foundation.framework in Frameworks */,
			);
			runOnlyForDeploymentPostprocessing = 0;
		};
/* End PBXFrameworksBuildPhase section */

/* Begin PBXGroup section */
		4E1C44DE13F02FDA00641EC8 = {
			isa = PBXGroup;
			children = (
				4E1C44F113F02FDA00641EC8 /* Lesson13 */,
				4E1C44EC13F02FDA00641EC8 /* Frameworks */,
				4E1C44EA13F02FDA00641EC8 /* Products */,
			);
			sourceTree = "<group>";
		};
		4E1C44EA13F02FDA00641EC8 /* Products */ = {
			isa = PBXGroup;
			children = (
				4E1C44E913F02FDA00641EC8 /* Lesson13.app */,
			);
			name = Products;
			sourceTree = "<group>";
		};
		4E1C44EC13F02FDA00641EC8 /* Frameworks */ = {
			isa = PBXGroup;
			children = (
				4E1C44ED13F02FDA00641EC8 /* UIKit.framework */,
				4E1C44EF13F02FDA00641EC8 /* Foundation.framework */,
			);
			name = Frameworks;
			sourceTree = "<group>";
		};
		4E1C44F113F02FDA00641EC8 /* Lesson13 */ = {
			isa = PBXGroup;
			children = (
				4E1C44FA13F02FDA00641EC8 /* AppDelegate.h */,
				4E1C44FB13F02FDA00641EC8 /* AppDelegate.m */,
				4E1C44FD13F02FDA00641EC8 /* MainStoryboard.storyboard */,
				4E1C450013F02FDA00641EC8 /* MasterViewController.h */,
				4E1C450113F02FDA00641EC8 /* MasterViewController.m */,
				4E1C450313F02FDA00641EC8 /* DetailViewController.h */,
				4E1C450413F02FDA00641EC8 /* DetailViewController.m */,
				4E1C44F213F02FDA00641EC8 /* Supporting Files */,
			);
			path = Lesson13;
			sourceTree = "<group>";
		};
		4E1C44F213F02FDA00641EC8 /* Supporting Files */ = {
			isa = PBXGroup;
			children = (
				4E1C44F313F02FDA00641EC8 /* Lesson13-Info.plist */,
				4E1C44F413F02FDA00641EC8 /* InfoPlist.strings */,
				4E1C44F713F02FDA00641EC8 /* main.m */,
				4E1C44F913F02FDA00641EC8 /* Lesson13-Prefix.pch */,
			);
			name = "Supporting Files";
			sourceTree = "<group>";
		};
/* End PBXGroup section */

/* Begin PBXNativeTarget section */
		4E1C44E813F02FDA00641EC8 /* Lesson13 */ = {
			isa = PBXNativeTarget;
			buildConfigurationList = 4E1C450813F02FDA00641EC8 /* Build configuration list for PBXNativeTarget "Lesson13" */;
			buildPhases = (
				4E1C44E513F02FDA00641EC8 /* Sources */,
				4E1C44E613F02FDA00641EC8 /* Frameworks */,
				4E1C44E713F02FDA00641EC8 /* Resources */,
			);
			buildRules = (
			);
			dependencies = (
			);
			name = Lesson13;
			productName = Lesson13;
			productReference = 4E1C44E913F02FDA00641EC8 /* Lesson13.app */;
			productType = "com.apple.product-type.application";
		};
/* End PBXNativeTarget section */

/* Begin PBXProject section */
		4E1C44E013F02FDA00641EC8 /* Project object */ = {
			isa = PBXProject;
			attributes = {
				LastUpgradeCheck = 0420;
				ORGANIZATIONNAME = "MariZack Consulting";
			};
			buildConfigurationList = 4E1C44E313F02FDA00641EC8 /* Build configuration list for PBXProject "Lesson13" */;
			compatibilityVersion = "Xcode 3.2";
			developmentRegion = English;
			hasScannedForEncodings = 0;
			knownRegions = (
				en,
			);
			mainGroup = 4E1C44DE13F02FDA00641EC8;
			productRefGroup = 4E1C44EA13F02FDA00641EC8 /* Products */;
			projectDirPath = "";
			projectRoot = "";
			targets = (
				4E1C44E813F02FDA00641EC8 /* Lesson13 */,
			);
		};
/* End PBXProject section */

/* Begin PBXResourcesBuildPhase section */
		4E1C44E713F02FDA00641EC8 /* Resources */ = {
			isa = PBXResourcesBuildPhase;
			buildActionMask = 2147483647;
			files = (
				4E1C44F613F02FDA00641EC8 /* InfoPlist.strings in Resources */,
				4E1C44FF13F02FDA00641EC8 /* MainStoryboard.storyboard in Resources */,
			);
			runOnlyForDeploymentPostprocessing = 0;
		};
/* End PBXResourcesBuildPhase section */

/* Begin PBXSourcesBuildPhase section */
		4E1C44E513F02FDA00641EC8 /* Sources */ = {
			isa = PBXSourcesBuildPhase;
			buildActionMask = 2147483647;
			files = (
				4E1C44F813F02FDA00641EC8 /* main.m in Sources */,
				4E1C44FC13F02FDA00641EC8 /* AppDelegate.m in Sources */,
				4E1C450213F02FDA00641EC8 /* MasterViewController.m in Sources */,
				4E1C450513F02FDA00641EC8 /* DetailViewController.m in Sources */,
			);
			runOnlyForDeploymentPostprocessing = 0;
		};
/* End PBXSourcesBuildPhase section */

/* Begin PBXVariantGroup section */
		4E1C44F413F02FDA00641EC8 /* InfoPlist.strings */ = {
			isa = PBXVariantGroup;
			children = (
				4E1C44F513F02FDA00641EC8 /* en */,
			);
			name = InfoPlist.strings;
			sourceTree = "<group>";
		};
		4E1C44FD13F02FDA00641EC8 /* MainStoryboard.storyboard */ = {
			isa = PBXVariantGroup;
			children = (
				4E1C44FE13F02FDA00641EC8 /* en */,
			);
			name = MainStoryboard.storyboard;
			sourceTree = "<group>";
		};
/* End PBXVariantGroup section */

/* Begin XCBuildConfiguration section */
		4E1C450613F02FDA00641EC8 /* Debug */ = {
			isa = XCBuildConfiguration;
			buildSettings = {
				ALWAYS_SEARCH_USER_PATHS = NO;
				ARCHS = "$(ARCHS_STANDARD_32_BIT)";
				CLANG_ENABLE_OBJC_ARC = YES;
				"CODE_SIGN_IDENTITY[sdk=iphoneos*]" = "iPhone Developer";
				COPY_PHASE_STRIP = NO;
				GCC_C_LANGUAGE_STANDARD = gnu99;
				GCC_DYNAMIC_NO_PIC = NO;
				GCC_OPTIMIZATION_LEVEL = 0;
				GCC_PREPROCESSOR_DEFINITIONS = (
					"DEBUG=1",
					"$(inherited)",
				);
				GCC_SYMBOLS_PRIVATE_EXTERN = NO;
				GCC_VERSION = com.apple.compilers.llvm.clang.1_0;
				GCC_WARN_ABOUT_MISSING_PROTOTYPES = YES;
				GCC_WARN_ABOUT_RETURN_TYPE = YES;
				GCC_WARN_UNUSED_VARIABLE = YES;
				IPHONEOS_DEPLOYMENT_TARGET = 5.0;
				SDKROOT = iphoneos;
			};
			name = Debug;
		};
		4E1C450713F02FDA00641EC8 /* Release */ = {
			isa = XCBuildConfiguration;
			buildSettings = {
				ALWAYS_SEARCH_USER_PATHS = NO;
				ARCHS = "$(ARCHS_STANDARD_32_BIT)";
				CLANG_ENABLE_OBJC_ARC = YES;
				"CODE_SIGN_IDENTITY[sdk=iphoneos*]" = "iPhone Developer";
				COPY_PHASE_STRIP = YES;
				GCC_C_LANGUAGE_STANDARD = gnu99;
				GCC_VERSION = com.apple.compilers.llvm.clang.1_0;
				GCC_WARN_ABOUT_MISSING_PROTOTYPES = YES;
				GCC_WARN_ABOUT_RETURN_TYPE = YES;
				GCC_WARN_UNUSED_VARIABLE = YES;
				IPHONEOS_DEPLOYMENT_TARGET = 5.0;
				OTHER_CFLAGS = "-DNS_BLOCK_ASSERTIONS=1";
				SDKROOT = iphoneos;
				VALIDATE_PRODUCT = YES;
			};
			name = Release;
		};
		4E1C450913F02FDA00641EC8 /* Debug */ = {
			isa = XCBuildConfiguration;
			buildSettings = {
				GCC_PRECOMPILE_PREFIX_HEADER = YES;
				GCC_PREFIX_HEADER = "Lesson13/Lesson13-Prefix.pch";
				INFOPLIST_FILE = "Lesson13/Lesson13-Info.plist";
				PRODUCT_NAME = "$(TARGET_NAME)";
				WRAPPER_EXTENSION = app;
			};
			name = Debug;
		};
		4E1C450A13F02FDA00641EC8 /* Release */ = {
			isa = XCBuildConfiguration;
			buildSettings = {
				GCC_PRECOMPILE_PREFIX_HEADER = YES;
				GCC_PREFIX_HEADER = "Lesson13/Lesson13-Prefix.pch";
				INFOPLIST_FILE = "Lesson13/Lesson13-Info.plist";
				PRODUCT_NAME = "$(TARGET_NAME)";
				WRAPPER_EXTENSION = app;
			};
			name = Release;
		};
/* End XCBuildConfiguration section */

/* Begin XCConfigurationList section */
		4E1C44E313F02FDA00641EC8 /* Build configuration list for PBXProject "Lesson13" */ = {
			isa = XCConfigurationList;
			buildConfigurations = (
				4E1C450613F02FDA00641EC8 /* Debug */,
				4E1C450713F02FDA00641EC8 /* Release */,
			);
			defaultConfigurationIsVisible = 0;
			defaultConfigurationName = Release;
		};
		4E1C450813F02FDA00641EC8 /* Build configuration list for PBXNativeTarget "Lesson13" */ = {
			isa = XCConfigurationList;
			buildConfigurations = (
				4E1C450913F02FDA00641EC8 /* Debug */,
				4E1C450A13F02FDA00641EC8 /* Release */,
			);
			defaultConfigurationIsVisible = 0;
		};
/* End XCConfigurationList section */
	};
	rootObject = 4E1C44E013F02FDA00641EC8 /* Project object */;
}
