// !$*UTF8*$!
{
	archiveVersion = 1;
	classes = {
	};
	objectVersion = 46;
	objects = {

/* Begin PBXBuildFile section */
		2288DCBC146C24B200481EEC /* UIKit.framework in Frameworks */ = {isa = PBXBuildFile; fileRef = 2288DCBB146C24B200481EEC /* UIKit.framework */; };
		2288DCBE146C24B200481EEC /* Foundation.framework in Frameworks */ = {isa = PBXBuildFile; fileRef = 2288DCBD146C24B200481EEC /* Foundation.framework */; };
		2288DCC0146C24B200481EEC /* CoreGraphics.framework in Frameworks */ = {isa = PBXBuildFile; fileRef = 2288DCBF146C24B200481EEC /* CoreGraphics.framework */; };
		2288DCC6146C24B200481EEC /* InfoPlist.strings in Resources */ = {isa = PBXBuildFile; fileRef = 2288DCC4146C24B200481EEC /* InfoPlist.strings */; };
		2288DCC8146C24B200481EEC /* main.m in Sources */ = {isa = PBXBuildFile; fileRef = 2288DCC7146C24B200481EEC /* main.m */; };
		2288DCCC146C24B200481EEC /* Lesson4AppDelegate.m in Sources */ = {isa = PBXBuildFile; fileRef = 2288DCCB146C24B200481EEC /* Lesson4AppDelegate.m */; };
		2288DCCF146C24B200481EEC /* MainStoryboard.storyboard in Resources */ = {isa = PBXBuildFile; fileRef = 2288DCCD146C24B200481EEC /* MainStoryboard.storyboard */; };
		2288DCD2146C24B200481EEC /* Lesson4ViewController.m in Sources */ = {isa = PBXBuildFile; fileRef = 2288DCD1146C24B200481EEC /* Lesson4ViewController.m */; };
/* End PBXBuildFile section */

/* Begin PBXFileReference section */
		2288DCB7146C24B200481EEC /* InteractionSample.app */ = {isa = PBXFileReference; explicitFileType = wrapper.application; includeInIndex = 0; path = InteractionSample.app; sourceTree = BUILT_PRODUCTS_DIR; };
		2288DCBB146C24B200481EEC /* UIKit.framework */ = {isa = PBXFileReference; lastKnownFileType = wrapper.framework; name = UIKit.framework; path = System/Library/Frameworks/UIKit.framework; sourceTree = SDKROOT; };
		2288DCBD146C24B200481EEC /* Foundation.framework */ = {isa = PBXFileReference; lastKnownFileType = wrapper.framework; name = Foundation.framework; path = System/Library/Frameworks/Foundation.framework; sourceTree = SDKROOT; };
		2288DCBF146C24B200481EEC /* CoreGraphics.framework */ = {isa = PBXFileReference; lastKnownFileType = wrapper.framework; name = CoreGraphics.framework; path = System/Library/Frameworks/CoreGraphics.framework; sourceTree = SDKROOT; };
		2288DCC3146C24B200481EEC /* InteractionSample-Info.plist */ = {isa = PBXFileReference; lastKnownFileType = text.plist.xml; path = "InteractionSample-Info.plist"; sourceTree = "<group>"; };
		2288DCC5146C24B200481EEC /* en */ = {isa = PBXFileReference; lastKnownFileType = text.plist.strings; name = en; path = en.lproj/InfoPlist.strings; sourceTree = "<group>"; };
		2288DCC7146C24B200481EEC /* main.m */ = {isa = PBXFileReference; lastKnownFileType = sourcecode.c.objc; path = main.m; sourceTree = "<group>"; };
		2288DCC9146C24B200481EEC /* InteractionSample-Prefix.pch */ = {isa = PBXFileReference; lastKnownFileType = sourcecode.c.h; path = "InteractionSample-Prefix.pch"; sourceTree = "<group>"; };
		2288DCCA146C24B200481EEC /* Lesson4AppDelegate.h */ = {isa = PBXFileReference; lastKnownFileType = sourcecode.c.h; path = Lesson4AppDelegate.h; sourceTree = "<group>"; };
		2288DCCB146C24B200481EEC /* Lesson4AppDelegate.m */ = {isa = PBXFileReference; lastKnownFileType = sourcecode.c.objc; path = Lesson4AppDelegate.m; sourceTree = "<group>"; };
		2288DCCE146C24B200481EEC /* en */ = {isa = PBXFileReference; lastKnownFileType = file.storyboard; name = en; path = en.lproj/MainStoryboard.storyboard; sourceTree = "<group>"; };
		2288DCD0146C24B200481EEC /* Lesson4ViewController.h */ = {isa = PBXFileReference; lastKnownFileType = sourcecode.c.h; path = Lesson4ViewController.h; sourceTree = "<group>"; };
		2288DCD1146C24B200481EEC /* Lesson4ViewController.m */ = {isa = PBXFileReference; lastKnownFileType = sourcecode.c.objc; path = Lesson4ViewController.m; sourceTree = "<group>"; };
/* End PBXFileReference section */

/* Begin PBXFrameworksBuildPhase section */
		2288DCB4146C24B200481EEC /* Frameworks */ = {
			isa = PBXFrameworksBuildPhase;
			buildActionMask = 2147483647;
			files = (
				2288DCBC146C24B200481EEC /* UIKit.framework in Frameworks */,
				2288DCBE146C24B200481EEC /* Foundation.framework in Frameworks */,
				2288DCC0146C24B200481EEC /* CoreGraphics.framework in Frameworks */,
			);
			runOnlyForDeploymentPostprocessing = 0;
		};
/* End PBXFrameworksBuildPhase section */

/* Begin PBXGroup section */
		2288DCAC146C24B200481EEC = {
			isa = PBXGroup;
			children = (
				2288DCC1146C24B200481EEC /* InteractionSample */,
				2288DCBA146C24B200481EEC /* Frameworks */,
				2288DCB8146C24B200481EEC /* Products */,
			);
			sourceTree = "<group>";
		};
		2288DCB8146C24B200481EEC /* Products */ = {
			isa = PBXGroup;
			children = (
				2288DCB7146C24B200481EEC /* InteractionSample.app */,
			);
			name = Products;
			sourceTree = "<group>";
		};
		2288DCBA146C24B200481EEC /* Frameworks */ = {
			isa = PBXGroup;
			children = (
				2288DCBB146C24B200481EEC /* UIKit.framework */,
				2288DCBD146C24B200481EEC /* Foundation.framework */,
				2288DCBF146C24B200481EEC /* CoreGraphics.framework */,
			);
			name = Frameworks;
			sourceTree = "<group>";
		};
		2288DCC1146C24B200481EEC /* InteractionSample */ = {
			isa = PBXGroup;
			children = (
				2288DCCA146C24B200481EEC /* Lesson4AppDelegate.h */,
				2288DCCB146C24B200481EEC /* Lesson4AppDelegate.m */,
				2288DCCD146C24B200481EEC /* MainStoryboard.storyboard */,
				2288DCD0146C24B200481EEC /* Lesson4ViewController.h */,
				2288DCD1146C24B200481EEC /* Lesson4ViewController.m */,
				2288DCC2146C24B200481EEC /* Supporting Files */,
			);
			path = InteractionSample;
			sourceTree = "<group>";
		};
		2288DCC2146C24B200481EEC /* Supporting Files */ = {
			isa = PBXGroup;
			children = (
				2288DCC3146C24B200481EEC /* InteractionSample-Info.plist */,
				2288DCC4146C24B200481EEC /* InfoPlist.strings */,
				2288DCC7146C24B200481EEC /* main.m */,
				2288DCC9146C24B200481EEC /* InteractionSample-Prefix.pch */,
			);
			name = "Supporting Files";
			sourceTree = "<group>";
		};
/* End PBXGroup section */

/* Begin PBXNativeTarget section */
		2288DCB6146C24B200481EEC /* InteractionSample */ = {
			isa = PBXNativeTarget;
			buildConfigurationList = 2288DCD5146C24B200481EEC /* Build configuration list for PBXNativeTarget "InteractionSample" */;
			buildPhases = (
				2288DCB3146C24B200481EEC /* Sources */,
				2288DCB4146C24B200481EEC /* Frameworks */,
				2288DCB5146C24B200481EEC /* Resources */,
			);
			buildRules = (
			);
			dependencies = (
			);
			name = InteractionSample;
			productName = InteractionSample;
			productReference = 2288DCB7146C24B200481EEC /* InteractionSample.app */;
			productType = "com.apple.product-type.application";
		};
/* End PBXNativeTarget section */

/* Begin PBXProject section */
		2288DCAE146C24B200481EEC /* Project object */ = {
			isa = PBXProject;
			attributes = {
				LastUpgradeCheck = 0420;
				ORGANIZATIONNAME = "ASM Technology";
			};
			buildConfigurationList = 2288DCB1146C24B200481EEC /* Build configuration list for PBXProject "InteractionSample" */;
			compatibilityVersion = "Xcode 3.2";
			developmentRegion = English;
			hasScannedForEncodings = 0;
			knownRegions = (
				en,
			);
			mainGroup = 2288DCAC146C24B200481EEC;
			productRefGroup = 2288DCB8146C24B200481EEC /* Products */;
			projectDirPath = "";
			projectRoot = "";
			targets = (
				2288DCB6146C24B200481EEC /* InteractionSample */,
			);
		};
/* End PBXProject section */

/* Begin PBXResourcesBuildPhase section */
		2288DCB5146C24B200481EEC /* Resources */ = {
			isa = PBXResourcesBuildPhase;
			buildActionMask = 2147483647;
			files = (
				2288DCC6146C24B200481EEC /* InfoPlist.strings in Resources */,
				2288DCCF146C24B200481EEC /* MainStoryboard.storyboard in Resources */,
			);
			runOnlyForDeploymentPostprocessing = 0;
		};
/* End PBXResourcesBuildPhase section */

/* Begin PBXSourcesBuildPhase section */
		2288DCB3146C24B200481EEC /* Sources */ = {
			isa = PBXSourcesBuildPhase;
			buildActionMask = 2147483647;
			files = (
				2288DCC8146C24B200481EEC /* main.m in Sources */,
				2288DCCC146C24B200481EEC /* Lesson4AppDelegate.m in Sources */,
				2288DCD2146C24B200481EEC /* Lesson4ViewController.m in Sources */,
			);
			runOnlyForDeploymentPostprocessing = 0;
		};
/* End PBXSourcesBuildPhase section */

/* Begin PBXVariantGroup section */
		2288DCC4146C24B200481EEC /* InfoPlist.strings */ = {
			isa = PBXVariantGroup;
			children = (
				2288DCC5146C24B200481EEC /* en */,
			);
			name = InfoPlist.strings;
			sourceTree = "<group>";
		};
		2288DCCD146C24B200481EEC /* MainStoryboard.storyboard */ = {
			isa = PBXVariantGroup;
			children = (
				2288DCCE146C24B200481EEC /* en */,
			);
			name = MainStoryboard.storyboard;
			sourceTree = "<group>";
		};
/* End PBXVariantGroup section */

/* Begin XCBuildConfiguration section */
		2288DCD3146C24B200481EEC /* Debug */ = {
			isa = XCBuildConfiguration;
			buildSettings = {
				ALWAYS_SEARCH_USER_PATHS = NO;
				ARCHS = "$(ARCHS_STANDARD_32_BIT)";
				CLANG_ENABLE_OBJC_ARC = YES;
				"CODE_SIGN_IDENTITY[sdk=iphoneos*]" = "iPhone Developer";
				COPY_PHASE_STRIP = NO;
				GCC_C_LANGUAGE_STANDARD = gnu99;
				GCC_DYNAMIC_NO_PIC = NO;
				GCC_OPTIMIZATION_LEVEL = 0;
				GCC_PREPROCESSOR_DEFINITIONS = (
					"DEBUG=1",
					"$(inherited)",
				);
				GCC_SYMBOLS_PRIVATE_EXTERN = NO;
				GCC_VERSION = com.apple.compilers.llvm.clang.1_0;
				GCC_WARN_ABOUT_MISSING_PROTOTYPES = YES;
				GCC_WARN_ABOUT_RETURN_TYPE = YES;
				GCC_WARN_UNUSED_VARIABLE = YES;
				IPHONEOS_DEPLOYMENT_TARGET = 5.0;
				SDKROOT = iphoneos;
			};
			name = Debug;
		};
		2288DCD4146C24B200481EEC /* Release */ = {
			isa = XCBuildConfiguration;
			buildSettings = {
				ALWAYS_SEARCH_USER_PATHS = NO;
				ARCHS = "$(ARCHS_STANDARD_32_BIT)";
				CLANG_ENABLE_OBJC_ARC = YES;
				"CODE_SIGN_IDENTITY[sdk=iphoneos*]" = "iPhone Developer";
				COPY_PHASE_STRIP = YES;
				GCC_C_LANGUAGE_STANDARD = gnu99;
				GCC_VERSION = com.apple.compilers.llvm.clang.1_0;
				GCC_WARN_ABOUT_MISSING_PROTOTYPES = YES;
				GCC_WARN_ABOUT_RETURN_TYPE = YES;
				GCC_WARN_UNUSED_VARIABLE = YES;
				IPHONEOS_DEPLOYMENT_TARGET = 5.0;
				OTHER_CFLAGS = "-DNS_BLOCK_ASSERTIONS=1";
				SDKROOT = iphoneos;
				VALIDATE_PRODUCT = YES;
			};
			name = Release;
		};
		2288DCD6146C24B200481EEC /* Debug */ = {
			isa = XCBuildConfiguration;
			buildSettings = {
				GCC_PRECOMPILE_PREFIX_HEADER = YES;
				GCC_PREFIX_HEADER = "InteractionSample/InteractionSample-Prefix.pch";
				INFOPLIST_FILE = "InteractionSample/InteractionSample-Info.plist";
				PRODUCT_NAME = "$(TARGET_NAME)";
				WRAPPER_EXTENSION = app;
			};
			name = Debug;
		};
		2288DCD7146C24B200481EEC /* Release */ = {
			isa = XCBuildConfiguration;
			buildSettings = {
				GCC_PRECOMPILE_PREFIX_HEADER = YES;
				GCC_PREFIX_HEADER = "InteractionSample/InteractionSample-Prefix.pch";
				INFOPLIST_FILE = "InteractionSample/InteractionSample-Info.plist";
				PRODUCT_NAME = "$(TARGET_NAME)";
				WRAPPER_EXTENSION = app;
			};
			name = Release;
		};
/* End XCBuildConfiguration section */

/* Begin XCConfigurationList section */
		2288DCB1146C24B200481EEC /* Build configuration list for PBXProject "InteractionSample" */ = {
			isa = XCConfigurationList;
			buildConfigurations = (
				2288DCD3146C24B200481EEC /* Debug */,
				2288DCD4146C24B200481EEC /* Release */,
			);
			defaultConfigurationIsVisible = 0;
			defaultConfigurationName = Release;
		};
		2288DCD5146C24B200481EEC /* Build configuration list for PBXNativeTarget "InteractionSample" */ = {
			isa = XCConfigurationList;
			buildConfigurations = (
				2288DCD6146C24B200481EEC /* Debug */,
				2288DCD7146C24B200481EEC /* Release */,
			);
			defaultConfigurationIsVisible = 0;
		};
/* End XCConfigurationList section */
	};
	rootObject = 2288DCAE146C24B200481EEC /* Project object */;
}
