// !$*UTF8*$!
{
	archiveVersion = 1;
	classes = {
	};
	objectVersion = 46;
	objects = {

/* Begin PBXBuildFile section */
		B18DA64316A0BE81004B0A5F /* UIKit.framework in Frameworks */ = {isa = PBXBuildFile; fileRef = B18DA64216A0BE81004B0A5F /* UIKit.framework */; };
		B18DA64516A0BE81004B0A5F /* Foundation.framework in Frameworks */ = {isa = PBXBuildFile; fileRef = B18DA64416A0BE81004B0A5F /* Foundation.framework */; };
		B18DA64716A0BE81004B0A5F /* CoreGraphics.framework in Frameworks */ = {isa = PBXBuildFile; fileRef = B18DA64616A0BE81004B0A5F /* CoreGraphics.framework */; };
		B18DA64D16A0BE81004B0A5F /* InfoPlist.strings in Resources */ = {isa = PBXBuildFile; fileRef = B18DA64B16A0BE81004B0A5F /* InfoPlist.strings */; };
		B18DA64F16A0BE81004B0A5F /* main.m in Sources */ = {isa = PBXBuildFile; fileRef = B18DA64E16A0BE81004B0A5F /* main.m */; };
		B18DA65316A0BE81004B0A5F /* RGBAppDelegate.m in Sources */ = {isa = PBXBuildFile; fileRef = B18DA65216A0BE81004B0A5F /* RGBAppDelegate.m */; };
		B18DA65516A0BE81004B0A5F /* Default.png in Resources */ = {isa = PBXBuildFile; fileRef = B18DA65416A0BE81004B0A5F /* Default.png */; };
		B18DA65716A0BE81004B0A5F /* Default@2x.png in Resources */ = {isa = PBXBuildFile; fileRef = B18DA65616A0BE81004B0A5F /* Default@2x.png */; };
		B18DA65916A0BE81004B0A5F /* Default-568h@2x.png in Resources */ = {isa = PBXBuildFile; fileRef = B18DA65816A0BE81004B0A5F /* Default-568h@2x.png */; };
		B18DA65C16A0BE81004B0A5F /* MainStoryboard_iPhone.storyboard in Resources */ = {isa = PBXBuildFile; fileRef = B18DA65A16A0BE81004B0A5F /* MainStoryboard_iPhone.storyboard */; };
		B18DA65F16A0BE81004B0A5F /* MainStoryboard_iPad.storyboard in Resources */ = {isa = PBXBuildFile; fileRef = B18DA65D16A0BE81004B0A5F /* MainStoryboard_iPad.storyboard */; };
		B18DA66216A0BE81004B0A5F /* RGBViewController.m in Sources */ = {isa = PBXBuildFile; fileRef = B18DA66116A0BE81004B0A5F /* RGBViewController.m */; };
/* End PBXBuildFile section */

/* Begin PBXFileReference section */
		B18DA63E16A0BE81004B0A5F /* Logate.app */ = {isa = PBXFileReference; explicitFileType = wrapper.application; includeInIndex = 0; path = Logate.app; sourceTree = BUILT_PRODUCTS_DIR; };
		B18DA64216A0BE81004B0A5F /* UIKit.framework */ = {isa = PBXFileReference; lastKnownFileType = wrapper.framework; name = UIKit.framework; path = System/Library/Frameworks/UIKit.framework; sourceTree = SDKROOT; };
		B18DA64416A0BE81004B0A5F /* Foundation.framework */ = {isa = PBXFileReference; lastKnownFileType = wrapper.framework; name = Foundation.framework; path = System/Library/Frameworks/Foundation.framework; sourceTree = SDKROOT; };
		B18DA64616A0BE81004B0A5F /* CoreGraphics.framework */ = {isa = PBXFileReference; lastKnownFileType = wrapper.framework; name = CoreGraphics.framework; path = System/Library/Frameworks/CoreGraphics.framework; sourceTree = SDKROOT; };
		B18DA64A16A0BE81004B0A5F /* Logate-Info.plist */ = {isa = PBXFileReference; lastKnownFileType = text.plist.xml; path = "Logate-Info.plist"; sourceTree = "<group>"; };
		B18DA64C16A0BE81004B0A5F /* en */ = {isa = PBXFileReference; lastKnownFileType = text.plist.strings; name = en; path = en.lproj/InfoPlist.strings; sourceTree = "<group>"; };
		B18DA64E16A0BE81004B0A5F /* main.m */ = {isa = PBXFileReference; lastKnownFileType = sourcecode.c.objc; path = main.m; sourceTree = "<group>"; };
		B18DA65016A0BE81004B0A5F /* Logate-Prefix.pch */ = {isa = PBXFileReference; lastKnownFileType = sourcecode.c.h; path = "Logate-Prefix.pch"; sourceTree = "<group>"; };
		B18DA65116A0BE81004B0A5F /* RGBAppDelegate.h */ = {isa = PBXFileReference; lastKnownFileType = sourcecode.c.h; path = RGBAppDelegate.h; sourceTree = "<group>"; };
		B18DA65216A0BE81004B0A5F /* RGBAppDelegate.m */ = {isa = PBXFileReference; lastKnownFileType = sourcecode.c.objc; path = RGBAppDelegate.m; sourceTree = "<group>"; };
		B18DA65416A0BE81004B0A5F /* Default.png */ = {isa = PBXFileReference; lastKnownFileType = image.png; path = Default.png; sourceTree = "<group>"; };
		B18DA65616A0BE81004B0A5F /* Default@2x.png */ = {isa = PBXFileReference; lastKnownFileType = image.png; path = "Default@2x.png"; sourceTree = "<group>"; };
		B18DA65816A0BE81004B0A5F /* Default-568h@2x.png */ = {isa = PBXFileReference; lastKnownFileType = image.png; path = "Default-568h@2x.png"; sourceTree = "<group>"; };
		B18DA65B16A0BE81004B0A5F /* en */ = {isa = PBXFileReference; lastKnownFileType = file.storyboard; name = en; path = en.lproj/MainStoryboard_iPhone.storyboard; sourceTree = "<group>"; };
		B18DA65E16A0BE81004B0A5F /* en */ = {isa = PBXFileReference; lastKnownFileType = file.storyboard; name = en; path = en.lproj/MainStoryboard_iPad.storyboard; sourceTree = "<group>"; };
		B18DA66016A0BE81004B0A5F /* RGBViewController.h */ = {isa = PBXFileReference; lastKnownFileType = sourcecode.c.h; path = RGBViewController.h; sourceTree = "<group>"; };
		B18DA66116A0BE81004B0A5F /* RGBViewController.m */ = {isa = PBXFileReference; lastKnownFileType = sourcecode.c.objc; path = RGBViewController.m; sourceTree = "<group>"; };
/* End PBXFileReference section */

/* Begin PBXFrameworksBuildPhase section */
		B18DA63B16A0BE81004B0A5F /* Frameworks */ = {
			isa = PBXFrameworksBuildPhase;
			buildActionMask = 2147483647;
			files = (
				B18DA64316A0BE81004B0A5F /* UIKit.framework in Frameworks */,
				B18DA64516A0BE81004B0A5F /* Foundation.framework in Frameworks */,
				B18DA64716A0BE81004B0A5F /* CoreGraphics.framework in Frameworks */,
			);
			runOnlyForDeploymentPostprocessing = 0;
		};
/* End PBXFrameworksBuildPhase section */

/* Begin PBXGroup section */
		B18DA63316A0BE81004B0A5F = {
			isa = PBXGroup;
			children = (
				B18DA64816A0BE81004B0A5F /* Logate */,
				B18DA64116A0BE81004B0A5F /* Frameworks */,
				B18DA63F16A0BE81004B0A5F /* Products */,
			);
			sourceTree = "<group>";
		};
		B18DA63F16A0BE81004B0A5F /* Products */ = {
			isa = PBXGroup;
			children = (
				B18DA63E16A0BE81004B0A5F /* Logate.app */,
			);
			name = Products;
			sourceTree = "<group>";
		};
		B18DA64116A0BE81004B0A5F /* Frameworks */ = {
			isa = PBXGroup;
			children = (
				B18DA64216A0BE81004B0A5F /* UIKit.framework */,
				B18DA64416A0BE81004B0A5F /* Foundation.framework */,
				B18DA64616A0BE81004B0A5F /* CoreGraphics.framework */,
			);
			name = Frameworks;
			sourceTree = "<group>";
		};
		B18DA64816A0BE81004B0A5F /* Logate */ = {
			isa = PBXGroup;
			children = (
				B18DA65116A0BE81004B0A5F /* RGBAppDelegate.h */,
				B18DA65216A0BE81004B0A5F /* RGBAppDelegate.m */,
				B18DA65A16A0BE81004B0A5F /* MainStoryboard_iPhone.storyboard */,
				B18DA65D16A0BE81004B0A5F /* MainStoryboard_iPad.storyboard */,
				B18DA66016A0BE81004B0A5F /* RGBViewController.h */,
				B18DA66116A0BE81004B0A5F /* RGBViewController.m */,
				B18DA64916A0BE81004B0A5F /* Supporting Files */,
			);
			path = Logate;
			sourceTree = "<group>";
		};
		B18DA64916A0BE81004B0A5F /* Supporting Files */ = {
			isa = PBXGroup;
			children = (
				B18DA64A16A0BE81004B0A5F /* Logate-Info.plist */,
				B18DA64B16A0BE81004B0A5F /* InfoPlist.strings */,
				B18DA64E16A0BE81004B0A5F /* main.m */,
				B18DA65016A0BE81004B0A5F /* Logate-Prefix.pch */,
				B18DA65416A0BE81004B0A5F /* Default.png */,
				B18DA65616A0BE81004B0A5F /* Default@2x.png */,
				B18DA65816A0BE81004B0A5F /* Default-568h@2x.png */,
			);
			name = "Supporting Files";
			sourceTree = "<group>";
		};
/* End PBXGroup section */

/* Begin PBXNativeTarget section */
		B18DA63D16A0BE81004B0A5F /* Logate */ = {
			isa = PBXNativeTarget;
			buildConfigurationList = B18DA66516A0BE81004B0A5F /* Build configuration list for PBXNativeTarget "Logate" */;
			buildPhases = (
				B18DA63A16A0BE81004B0A5F /* Sources */,
				B18DA63B16A0BE81004B0A5F /* Frameworks */,
				B18DA63C16A0BE81004B0A5F /* Resources */,
			);
			buildRules = (
			);
			dependencies = (
			);
			name = Logate;
			productName = Logate;
			productReference = B18DA63E16A0BE81004B0A5F /* Logate.app */;
			productType = "com.apple.product-type.application";
		};
/* End PBXNativeTarget section */

/* Begin PBXProject section */
		B18DA63516A0BE81004B0A5F /* Project object */ = {
			isa = PBXProject;
			attributes = {
				CLASSPREFIX = RGB;
				LastUpgradeCheck = 0450;
				ORGANIZATIONNAME = com.redgreenblueapp;
			};
			buildConfigurationList = B18DA63816A0BE81004B0A5F /* Build configuration list for PBXProject "Logate" */;
			compatibilityVersion = "Xcode 3.2";
			developmentRegion = English;
			hasScannedForEncodings = 0;
			knownRegions = (
				en,
			);
			mainGroup = B18DA63316A0BE81004B0A5F;
			productRefGroup = B18DA63F16A0BE81004B0A5F /* Products */;
			projectDirPath = "";
			projectRoot = "";
			targets = (
				B18DA63D16A0BE81004B0A5F /* Logate */,
			);
		};
/* End PBXProject section */

/* Begin PBXResourcesBuildPhase section */
		B18DA63C16A0BE81004B0A5F /* Resources */ = {
			isa = PBXResourcesBuildPhase;
			buildActionMask = 2147483647;
			files = (
				B18DA64D16A0BE81004B0A5F /* InfoPlist.strings in Resources */,
				B18DA65516A0BE81004B0A5F /* Default.png in Resources */,
				B18DA65716A0BE81004B0A5F /* Default@2x.png in Resources */,
				B18DA65916A0BE81004B0A5F /* Default-568h@2x.png in Resources */,
				B18DA65C16A0BE81004B0A5F /* MainStoryboard_iPhone.storyboard in Resources */,
				B18DA65F16A0BE81004B0A5F /* MainStoryboard_iPad.storyboard in Resources */,
			);
			runOnlyForDeploymentPostprocessing = 0;
		};
/* End PBXResourcesBuildPhase section */

/* Begin PBXSourcesBuildPhase section */
		B18DA63A16A0BE81004B0A5F /* Sources */ = {
			isa = PBXSourcesBuildPhase;
			buildActionMask = 2147483647;
			files = (
				B18DA64F16A0BE81004B0A5F /* main.m in Sources */,
				B18DA65316A0BE81004B0A5F /* RGBAppDelegate.m in Sources */,
				B18DA66216A0BE81004B0A5F /* RGBViewController.m in Sources */,
			);
			runOnlyForDeploymentPostprocessing = 0;
		};
/* End PBXSourcesBuildPhase section */

/* Begin PBXVariantGroup section */
		B18DA64B16A0BE81004B0A5F /* InfoPlist.strings */ = {
			isa = PBXVariantGroup;
			children = (
				B18DA64C16A0BE81004B0A5F /* en */,
			);
			name = InfoPlist.strings;
			sourceTree = "<group>";
		};
		B18DA65A16A0BE81004B0A5F /* MainStoryboard_iPhone.storyboard */ = {
			isa = PBXVariantGroup;
			children = (
				B18DA65B16A0BE81004B0A5F /* en */,
			);
			name = MainStoryboard_iPhone.storyboard;
			sourceTree = "<group>";
		};
		B18DA65D16A0BE81004B0A5F /* MainStoryboard_iPad.storyboard */ = {
			isa = PBXVariantGroup;
			children = (
				B18DA65E16A0BE81004B0A5F /* en */,
			);
			name = MainStoryboard_iPad.storyboard;
			sourceTree = "<group>";
		};
/* End PBXVariantGroup section */

/* Begin XCBuildConfiguration section */
		B18DA66316A0BE81004B0A5F /* Debug */ = {
			isa = XCBuildConfiguration;
			buildSettings = {
				ALWAYS_SEARCH_USER_PATHS = NO;
				CLANG_CXX_LANGUAGE_STANDARD = "gnu++0x";
				CLANG_CXX_LIBRARY = "libc++";
				CLANG_ENABLE_OBJC_ARC = YES;
				CLANG_WARN_EMPTY_BODY = YES;
				CLANG_WARN__DUPLICATE_METHOD_MATCH = YES;
				"CODE_SIGN_IDENTITY[sdk=iphoneos*]" = "iPhone Developer";
				COPY_PHASE_STRIP = NO;
				GCC_C_LANGUAGE_STANDARD = gnu99;
				GCC_DYNAMIC_NO_PIC = NO;
				GCC_OPTIMIZATION_LEVEL = 0;
				GCC_PREPROCESSOR_DEFINITIONS = (
					"DEBUG=1",
					"$(inherited)",
				);
				GCC_SYMBOLS_PRIVATE_EXTERN = NO;
				GCC_WARN_ABOUT_RETURN_TYPE = YES;
				GCC_WARN_UNINITIALIZED_AUTOS = YES;
				GCC_WARN_UNUSED_VARIABLE = YES;
				IPHONEOS_DEPLOYMENT_TARGET = 6.0;
				ONLY_ACTIVE_ARCH = YES;
				SDKROOT = iphoneos;
				TARGETED_DEVICE_FAMILY = "1,2";
			};
			name = Debug;
		};
		B18DA66416A0BE81004B0A5F /* Release */ = {
			isa = XCBuildConfiguration;
			buildSettings = {
				ALWAYS_SEARCH_USER_PATHS = NO;
				CLANG_CXX_LANGUAGE_STANDARD = "gnu++0x";
				CLANG_CXX_LIBRARY = "libc++";
				CLANG_ENABLE_OBJC_ARC = YES;
				CLANG_WARN_EMPTY_BODY = YES;
				CLANG_WARN__DUPLICATE_METHOD_MATCH = YES;
				"CODE_SIGN_IDENTITY[sdk=iphoneos*]" = "iPhone Developer";
				COPY_PHASE_STRIP = YES;
				GCC_C_LANGUAGE_STANDARD = gnu99;
				GCC_WARN_ABOUT_RETURN_TYPE = YES;
				GCC_WARN_UNINITIALIZED_AUTOS = YES;
				GCC_WARN_UNUSED_VARIABLE = YES;
				IPHONEOS_DEPLOYMENT_TARGET = 6.0;
				OTHER_CFLAGS = "-DNS_BLOCK_ASSERTIONS=1";
				SDKROOT = iphoneos;
				TARGETED_DEVICE_FAMILY = "1,2";
				VALIDATE_PRODUCT = YES;
			};
			name = Release;
		};
		B18DA66616A0BE81004B0A5F /* Debug */ = {
			isa = XCBuildConfiguration;
			buildSettings = {
				GCC_PRECOMPILE_PREFIX_HEADER = YES;
				GCC_PREFIX_HEADER = "Logate/Logate-Prefix.pch";
				INFOPLIST_FILE = "Logate/Logate-Info.plist";
				PRODUCT_NAME = "$(TARGET_NAME)";
				WRAPPER_EXTENSION = app;
			};
			name = Debug;
		};
		B18DA66716A0BE81004B0A5F /* Release */ = {
			isa = XCBuildConfiguration;
			buildSettings = {
				GCC_PRECOMPILE_PREFIX_HEADER = YES;
				GCC_PREFIX_HEADER = "Logate/Logate-Prefix.pch";
				INFOPLIST_FILE = "Logate/Logate-Info.plist";
				PRODUCT_NAME = "$(TARGET_NAME)";
				WRAPPER_EXTENSION = app;
			};
			name = Release;
		};
/* End XCBuildConfiguration section */

/* Begin XCConfigurationList section */
		B18DA63816A0BE81004B0A5F /* Build configuration list for PBXProject "Logate" */ = {
			isa = XCConfigurationList;
			buildConfigurations = (
				B18DA66316A0BE81004B0A5F /* Debug */,
				B18DA66416A0BE81004B0A5F /* Release */,
			);
			defaultConfigurationIsVisible = 0;
			defaultConfigurationName = Release;
		};
		B18DA66516A0BE81004B0A5F /* Build configuration list for PBXNativeTarget "Logate" */ = {
			isa = XCConfigurationList;
			buildConfigurations = (
				B18DA66616A0BE81004B0A5F /* Debug */,
				B18DA66716A0BE81004B0A5F /* Release */,
			);
			defaultConfigurationIsVisible = 0;
		};
/* End XCConfigurationList section */
	};
	rootObject = B18DA63516A0BE81004B0A5F /* Project object */;
}
